#MicroXplorer Configuration settings - do not modify
Mcu.Family=STM32F0
NVIC.SysTick_IRQn=true\:0\:0\:false\:false\:true\:false\:true
ProjectManager.LastFirmware=true
SH.GPXTI1.0=GPIO_EXTI1
RCC.PLLMUL=RCC_PLL_MUL8
ProjectManager.MainLocation=Core/Src
ProjectManager.FirmwarePackage=STM32Cube FW_F0 V1.11.2
MxDb.Version=DB.6.0.20
RCC.USART1Freq_Value=32000000
ProjectManager.ProjectFileName=STM32F030F4_RF_RELAY_LEARNING_CODE.ioc
ProjectManager.BackupPrevious=false
MxCube.Version=6.2.0
ProjectManager.KeepUserCode=true
Mcu.UserName=STM32F030F4Px
PA14.Mode=Serial_Wire
Mcu.PinsNb=8
ProjectManager.NoMain=false
File.Version=6
VP_SYS_VS_Systick.Mode=SysTick
RCC.PLLCLKFreq_Value=32000000
NVIC.NonMaskableInt_IRQn=true\:0\:0\:false\:false\:true\:false\:false
NVIC.PendSV_IRQn=true\:0\:0\:false\:false\:true\:false\:false
ProjectManager.functionlistsort=1-MX_GPIO_Init-GPIO-false-HAL-true,2-SystemClock_Config-RCC-false-HAL-false
PA13.Mode=Serial_Wire
ProjectManager.FreePins=false
RCC.IPParameters=AHBFreq_Value,APB1Freq_Value,APB1TimFreq_Value,FCLKCortexFreq_Value,FamilyName,HCLKFreq_Value,PLLCLKFreq_Value,PLLMUL,SYSCLKFreq_VALUE,SYSCLKSource,TimSysFreq_Value,USART1Freq_Value
ProjectManager.DefaultFWLocation=true
ProjectManager.AskForMigrate=true
Mcu.Name=STM32F030F4Px
ProjectManager.HalAssertFull=false
NVIC.SVC_IRQn=true\:0\:0\:false\:false\:true\:false\:false
ProjectManager.DeletePrevious=true
ProjectManager.ProjectName=STM32F030F4_RF_RELAY_LEARNING_CODE
ProjectManager.UnderRoot=true
ProjectManager.CoupleFile=false
RCC.SYSCLKFreq_VALUE=32000000
PinOutPanel.RotationAngle=0
Mcu.Package=TSSOP20
PA6.Signal=GPIO_Output
RCC.FamilyName=M
RCC.TimSysFreq_Value=32000000
PA1.Locked=true
RCC.SYSCLKSource=RCC_SYSCLKSOURCE_PLLCLK
ProjectManager.StackSize=0x400
PA5.Locked=true
PA3.Locked=true
PA7.Locked=true
NVIC.ForceEnableDMAVector=true
KeepUserPlacement=false
PA13.Signal=SYS_SWDIO
RCC.FCLKCortexFreq_Value=32000000
ProjectManager.CompilerOptimize=6
Mcu.IP2=SYS
ProjectManager.ToolChainLocation=
VP_SYS_VS_Systick.Signal=SYS_VS_Systick
Mcu.IP0=NVIC
Mcu.IP1=RCC
PA14.Signal=SYS_SWCLK
ProjectManager.HeapSize=0x200
NVIC.HardFault_IRQn=true\:0\:0\:false\:false\:true\:false\:false
Mcu.UserConstants=
ProjectManager.TargetToolchain=STM32CubeIDE
ProjectManager.ComputerToolchain=false
Mcu.ThirdPartyNb=0
RCC.HCLKFreq_Value=32000000
Mcu.IPNb=3
ProjectManager.PreviousToolchain=
RCC.APB1TimFreq_Value=32000000
Mcu.Pin6=PA14
Mcu.Pin7=VP_SYS_VS_Systick
ProjectManager.RegisterCallBack=
SH.GPXTI1.ConfNb=1
RCC.APB1Freq_Value=32000000
PA1.Signal=GPXTI1
RCC.AHBFreq_Value=32000000
Mcu.Pin0=PA1
Mcu.Pin1=PA3
Mcu.Pin2=PA5
ProjectManager.CustomerFirmwarePackage=
Mcu.Pin3=PA6
ProjectManager.DeviceId=STM32F030F4Px
Mcu.Pin4=PA7
Mcu.Pin5=PA13
ProjectManager.LibraryCopy=1
PA5.Signal=GPIO_Output
ProjectManager.ProjectBuild=false
PA3.Signal=GPIO_Input
PA7.Signal=GPIO_Output
NVIC.EXTI0_1_IRQn=true\:0\:0\:false\:false\:true\:true\:true
board=custom
PA6.Locked=true
isbadioc=false
